
Microsoft Visual Studio Solution File, Format Version 12.00
# Visual Studio Version 17
VisualStudioVersion = 17.14.36127.28
MinimumVisualStudioVersion = 10.0.40219.1
Project("{FAE04EC0-301F-11D3-BF4B-00C04F79EFBC}") = "Lathe", "OutlastTrayTool\Lathe.csproj", "{16C118B6-B8FC-4658-96C9-B24C55496AA6}"
EndProject
Global
	GlobalSection(SolutionConfigurationPlatforms) = preSolution
		Debug|Any CPU = Debug|Any CPU
		Release|Any CPU = Release|Any CPU
	EndGlobalSection
	GlobalSection(ProjectConfigurationPlatforms) = postSolution
		{16C118B6-B8FC-4658-96C9-B24C55496AA6}.Debug|Any CPU.ActiveCfg = Debug|Any CPU
		{16C118B6-B8FC-4658-96C9-B24C55496AA6}.Debug|Any CPU.Build.0 = Debug|Any CPU
		{16C118B6-B8FC-4658-96C9-B24C55496AA6}.Release|Any CPU.ActiveCfg = Release|Any CPU
		{16C118B6-B8FC-4658-96C9-B24C55496AA6}.Release|Any CPU.Build.0 = Release|Any CPU
	EndGlobalSection
	GlobalSection(SolutionProperties) = preSolution
		HideSolutionNode = FALSE
	EndGlobalSection
	GlobalSection(ExtensibilityGlobals) = postSolution
		SolutionGuid = {ECCFFE12-CC6E-483B-93CE-38A651EE7CFE}
	EndGlobalSection
EndGlobal
